
Microsoft Visual Studio Solution File, Format Version 12.00
# Visual Studio Version 17
VisualStudioVersion = 17.5.33414.496
MinimumVisualStudioVersion = 10.0.40219.1
Project("{FAE04EC0-301F-11D3-BF4B-00C04F79EFBC}") = "StockAPI", "StockAPI\StockAPI.csproj", "{704EA572-4F52-44E3-B701-6989337FCAAF}"
EndProject
Project("{FAE04EC0-301F-11D3-BF4B-00C04F79EFBC}") = "StockAPI.DataAccess", "StockAPI.DataAccess\StockAPI.DataAccess.csproj", "{78BDF468-B056-43AB-9283-BF80D86DE652}"
EndProject
Global
	GlobalSection(SolutionConfigurationPlatforms) = preSolution
		Debug|Any CPU = Debug|Any CPU
		Release|Any CPU = Release|Any CPU
	EndGlobalSection
	GlobalSection(ProjectConfigurationPlatforms) = postSolution
		{704EA572-4F52-44E3-B701-6989337FCAAF}.Debug|Any CPU.ActiveCfg = Debug|Any CPU
		{704EA572-4F52-44E3-B701-6989337FCAAF}.Debug|Any CPU.Build.0 = Debug|Any CPU
		{704EA572-4F52-44E3-B701-6989337FCAAF}.Release|Any CPU.ActiveCfg = Release|Any CPU
		{704EA572-4F52-44E3-B701-6989337FCAAF}.Release|Any CPU.Build.0 = Release|Any CPU
		{78BDF468-B056-43AB-9283-BF80D86DE652}.Debug|Any CPU.ActiveCfg = Debug|Any CPU
		{78BDF468-B056-43AB-9283-BF80D86DE652}.Debug|Any CPU.Build.0 = Debug|Any CPU
		{78BDF468-B056-43AB-9283-BF80D86DE652}.Release|Any CPU.ActiveCfg = Release|Any CPU
		{78BDF468-B056-43AB-9283-BF80D86DE652}.Release|Any CPU.Build.0 = Release|Any CPU
	EndGlobalSection
	GlobalSection(SolutionProperties) = preSolution
		HideSolutionNode = FALSE
	EndGlobalSection
	GlobalSection(ExtensibilityGlobals) = postSolution
		SolutionGuid = {8E735E03-BA60-4345-A22C-C4B97AB316EF}
	EndGlobalSection
EndGlobal
